lockfileVersion: '9.0'

settings:
  autoInstallPeers: true
  excludeLinksFromLockfile: false

importers:

  .:
    devDependencies:
      '@biomejs/biome':
        specifier: 2.3.11
        version: 2.3.11
      '@types/node':
        specifier: 25.0.10
        version: 25.0.10
      esbuild:
        specifier: ^0.27.2
        version: 0.27.2
      typescript:
        specifier: ^5.9.3
        version: 5.9.3

  apps/claude-code-plugin:
    dependencies:
      '@dxta-dev/clankers-core':
        specifier: workspace:*
        version: link:../../packages/core

  apps/cursor-plugin:
    dependencies:
      '@dxta-dev/clankers-core':
        specifier: workspace:*
        version: link:../../packages/core

  apps/opencode-plugin:
    dependencies:
      '@dxta-dev/clankers-core':
        specifier: workspace:*
        version: link:../../packages/core
      '@opencode-ai/plugin':
        specifier: 1.1.30
        version: 1.1.30

  packages/core:
    dependencies:
      '@libsql/client':
        specifier: 0.14.0
        version: 0.14.0
      zod:
        specifier: 4.3.5
        version: 4.3.5

packages:

  '@biomejs/biome@2.3.11':
    resolution: {integrity: sha512-/zt+6qazBWguPG6+eWmiELqO+9jRsMZ/DBU3lfuU2ngtIQYzymocHhKiZRyrbra4aCOoyTg/BmY+6WH5mv9xmQ==}
    engines: {node: '>=14.21.3'}
    hasBin: true

  '@biomejs/cli-darwin-arm64@2.3.11':
    resolution: {integrity: sha512-/uXXkBcPKVQY7rc9Ys2CrlirBJYbpESEDme7RKiBD6MmqR2w3j0+ZZXRIL2xiaNPsIMMNhP1YnA+jRRxoOAFrA==}
    engines: {node: '>=14.21.3'}
    cpu: [arm64]
    os: [darwin]

  '@biomejs/cli-darwin-x64@2.3.11':
    resolution: {integrity: sha512-fh7nnvbweDPm2xEmFjfmq7zSUiox88plgdHF9OIW4i99WnXrAC3o2P3ag9judoUMv8FCSUnlwJCM1B64nO5Fbg==}
    engines: {node: '>=14.21.3'}
    cpu: [x64]
    os: [darwin]

  '@biomejs/cli-linux-arm64-musl@2.3.11':
    resolution: {integrity: sha512-XPSQ+XIPZMLaZ6zveQdwNjbX+QdROEd1zPgMwD47zvHV+tCGB88VH+aynyGxAHdzL+Tm/+DtKST5SECs4iwCLg==}
    engines: {node: '>=14.21.3'}
    cpu: [arm64]
    os: [linux]

  '@biomejs/cli-linux-arm64@2.3.11':
    resolution: {integrity: sha512-l4xkGa9E7Uc0/05qU2lMYfN1H+fzzkHgaJoy98wO+b/7Gl78srbCRRgwYSW+BTLixTBrM6Ede5NSBwt7rd/i6g==}
    engines: {node: '>=14.21.3'}
    cpu: [arm64]
    os: [linux]

  '@biomejs/cli-linux-x64-musl@2.3.11':
    resolution: {integrity: sha512-vU7a8wLs5C9yJ4CB8a44r12aXYb8yYgBn+WeyzbMjaCMklzCv1oXr8x+VEyWodgJt9bDmhiaW/I0RHbn7rsNmw==}
    engines: {node: '>=14.21.3'}
    cpu: [x64]
    os: [linux]

  '@biomejs/cli-linux-x64@2.3.11':
    resolution: {integrity: sha512-/1s9V/H3cSe0r0Mv/Z8JryF5x9ywRxywomqZVLHAoa/uN0eY7F8gEngWKNS5vbbN/BsfpCG5yeBT5ENh50Frxg==}
    engines: {node: '>=14.21.3'}
    cpu: [x64]
    os: [linux]

  '@biomejs/cli-win32-arm64@2.3.11':
    resolution: {integrity: sha512-PZQ6ElCOnkYapSsysiTy0+fYX+agXPlWugh6+eQ6uPKI3vKAqNp6TnMhoM3oY2NltSB89hz59o8xIfOdyhi9Iw==}
    engines: {node: '>=14.21.3'}
    cpu: [arm64]
    os: [win32]

  '@biomejs/cli-win32-x64@2.3.11':
    resolution: {integrity: sha512-43VrG813EW+b5+YbDbz31uUsheX+qFKCpXeY9kfdAx+ww3naKxeVkTD9zLIWxUPfJquANMHrmW3wbe/037G0Qg==}
    engines: {node: '>=14.21.3'}
    cpu: [x64]
    os: [win32]

  '@esbuild/aix-ppc64@0.27.2':
    resolution: {integrity: sha512-GZMB+a0mOMZs4MpDbj8RJp4cw+w1WV5NYD6xzgvzUJ5Ek2jerwfO2eADyI6ExDSUED+1X8aMbegahsJi+8mgpw==}
    engines: {node: '>=18'}
    cpu: [ppc64]
    os: [aix]

  '@esbuild/android-arm64@0.27.2':
    resolution: {integrity: sha512-pvz8ZZ7ot/RBphf8fv60ljmaoydPU12VuXHImtAs0XhLLw+EXBi2BLe3OYSBslR4rryHvweW5gmkKFwTiFy6KA==}
    engines: {node: '>=18'}
    cpu: [arm64]
    os: [android]

  '@esbuild/android-arm@0.27.2':
    resolution: {integrity: sha512-DVNI8jlPa7Ujbr1yjU2PfUSRtAUZPG9I1RwW4F4xFB1Imiu2on0ADiI/c3td+KmDtVKNbi+nffGDQMfcIMkwIA==}
    engines: {node: '>=18'}
    cpu: [arm]
    os: [android]

  '@esbuild/android-x64@0.27.2':
    resolution: {integrity: sha512-z8Ank4Byh4TJJOh4wpz8g2vDy75zFL0TlZlkUkEwYXuPSgX8yzep596n6mT7905kA9uHZsf/o2OJZubl2l3M7A==}
    engines: {node: '>=18'}
    cpu: [x64]
    os: [android]

  '@esbuild/darwin-arm64@0.27.2':
    resolution: {integrity: sha512-davCD2Zc80nzDVRwXTcQP/28fiJbcOwvdolL0sOiOsbwBa72kegmVU0Wrh1MYrbuCL98Omp5dVhQFWRKR2ZAlg==}
    engines: {node: '>=18'}
    cpu: [arm64]
    os: [darwin]

  '@esbuild/darwin-x64@0.27.2':
    resolution: {integrity: sha512-ZxtijOmlQCBWGwbVmwOF/UCzuGIbUkqB1faQRf5akQmxRJ1ujusWsb3CVfk/9iZKr2L5SMU5wPBi1UWbvL+VQA==}
    engines: {node: '>=18'}
    cpu: [x64]
    os: [darwin]

  '@esbuild/freebsd-arm64@0.27.2':
    resolution: {integrity: sha512-lS/9CN+rgqQ9czogxlMcBMGd+l8Q3Nj1MFQwBZJyoEKI50XGxwuzznYdwcav6lpOGv5BqaZXqvBSiB/kJ5op+g==}
    engines: {node: '>=18'}
    cpu: [arm64]
    os: [freebsd]

  '@esbuild/freebsd-x64@0.27.2':
    resolution: {integrity: sha512-tAfqtNYb4YgPnJlEFu4c212HYjQWSO/w/h/lQaBK7RbwGIkBOuNKQI9tqWzx7Wtp7bTPaGC6MJvWI608P3wXYA==}
    engines: {node: '>=18'}
    cpu: [x64]
    os: [freebsd]

  '@esbuild/linux-arm64@0.27.2':
    resolution: {integrity: sha512-hYxN8pr66NsCCiRFkHUAsxylNOcAQaxSSkHMMjcpx0si13t1LHFphxJZUiGwojB1a/Hd5OiPIqDdXONia6bhTw==}
    engines: {node: '>=18'}
    cpu: [arm64]
    os: [linux]

  '@esbuild/linux-arm@0.27.2':
    resolution: {integrity: sha512-vWfq4GaIMP9AIe4yj1ZUW18RDhx6EPQKjwe7n8BbIecFtCQG4CfHGaHuh7fdfq+y3LIA2vGS/o9ZBGVxIDi9hw==}
    engines: {node: '>=18'}
    cpu: [arm]
    os: [linux]

  '@esbuild/linux-ia32@0.27.2':
    resolution: {integrity: sha512-MJt5BRRSScPDwG2hLelYhAAKh9imjHK5+NE/tvnRLbIqUWa+0E9N4WNMjmp/kXXPHZGqPLxggwVhz7QP8CTR8w==}
    engines: {node: '>=18'}
    cpu: [ia32]
    os: [linux]

  '@esbuild/linux-loong64@0.27.2':
    resolution: {integrity: sha512-lugyF1atnAT463aO6KPshVCJK5NgRnU4yb3FUumyVz+cGvZbontBgzeGFO1nF+dPueHD367a2ZXe1NtUkAjOtg==}
    engines: {node: '>=18'}
    cpu: [loong64]
    os: [linux]

  '@esbuild/linux-mips64el@0.27.2':
    resolution: {integrity: sha512-nlP2I6ArEBewvJ2gjrrkESEZkB5mIoaTswuqNFRv/WYd+ATtUpe9Y09RnJvgvdag7he0OWgEZWhviS1OTOKixw==}
    engines: {node: '>=18'}
    cpu: [mips64el]
    os: [linux]

  '@esbuild/linux-ppc64@0.27.2':
    resolution: {integrity: sha512-C92gnpey7tUQONqg1n6dKVbx3vphKtTHJaNG2Ok9lGwbZil6DrfyecMsp9CrmXGQJmZ7iiVXvvZH6Ml5hL6XdQ==}
    engines: {node: '>=18'}
    cpu: [ppc64]
    os: [linux]

  '@esbuild/linux-riscv64@0.27.2':
    resolution: {integrity: sha512-B5BOmojNtUyN8AXlK0QJyvjEZkWwy/FKvakkTDCziX95AowLZKR6aCDhG7LeF7uMCXEJqwa8Bejz5LTPYm8AvA==}
    engines: {node: '>=18'}
    cpu: [riscv64]
    os: [linux]

  '@esbuild/linux-s390x@0.27.2':
    resolution: {integrity: sha512-p4bm9+wsPwup5Z8f4EpfN63qNagQ47Ua2znaqGH6bqLlmJ4bx97Y9JdqxgGZ6Y8xVTixUnEkoKSHcpRlDnNr5w==}
    engines: {node: '>=18'}
    cpu: [s390x]
    os: [linux]

  '@esbuild/linux-x64@0.27.2':
    resolution: {integrity: sha512-uwp2Tip5aPmH+NRUwTcfLb+W32WXjpFejTIOWZFw/v7/KnpCDKG66u4DLcurQpiYTiYwQ9B7KOeMJvLCu/OvbA==}
    engines: {node: '>=18'}
    cpu: [x64]
    os: [linux]

  '@esbuild/netbsd-arm64@0.27.2':
    resolution: {integrity: sha512-Kj6DiBlwXrPsCRDeRvGAUb/LNrBASrfqAIok+xB0LxK8CHqxZ037viF13ugfsIpePH93mX7xfJp97cyDuTZ3cw==}
    engines: {node: '>=18'}
    cpu: [arm64]
    os: [netbsd]

  '@esbuild/netbsd-x64@0.27.2':
    resolution: {integrity: sha512-HwGDZ0VLVBY3Y+Nw0JexZy9o/nUAWq9MlV7cahpaXKW6TOzfVno3y3/M8Ga8u8Yr7GldLOov27xiCnqRZf0tCA==}
    engines: {node: '>=18'}
    cpu: [x64]
    os: [netbsd]

  '@esbuild/openbsd-arm64@0.27.2':
    resolution: {integrity: sha512-DNIHH2BPQ5551A7oSHD0CKbwIA/Ox7+78/AWkbS5QoRzaqlev2uFayfSxq68EkonB+IKjiuxBFoV8ESJy8bOHA==}
    engines: {node: '>=18'}
    cpu: [arm64]
    os: [openbsd]

  '@esbuild/openbsd-x64@0.27.2':
    resolution: {integrity: sha512-/it7w9Nb7+0KFIzjalNJVR5bOzA9Vay+yIPLVHfIQYG/j+j9VTH84aNB8ExGKPU4AzfaEvN9/V4HV+F+vo8OEg==}
    engines: {node: '>=18'}
    cpu: [x64]
    os: [openbsd]

  '@esbuild/openharmony-arm64@0.27.2':
    resolution: {integrity: sha512-LRBbCmiU51IXfeXk59csuX/aSaToeG7w48nMwA6049Y4J4+VbWALAuXcs+qcD04rHDuSCSRKdmY63sruDS5qag==}
    engines: {node: '>=18'}
    cpu: [arm64]
    os: [openharmony]

  '@esbuild/sunos-x64@0.27.2':
    resolution: {integrity: sha512-kMtx1yqJHTmqaqHPAzKCAkDaKsffmXkPHThSfRwZGyuqyIeBvf08KSsYXl+abf5HDAPMJIPnbBfXvP2ZC2TfHg==}
    engines: {node: '>=18'}
    cpu: [x64]
    os: [sunos]

  '@esbuild/win32-arm64@0.27.2':
    resolution: {integrity: sha512-Yaf78O/B3Kkh+nKABUF++bvJv5Ijoy9AN1ww904rOXZFLWVc5OLOfL56W+C8F9xn5JQZa3UX6m+IktJnIb1Jjg==}
    engines: {node: '>=18'}
    cpu: [arm64]
    os: [win32]

  '@esbuild/win32-ia32@0.27.2':
    resolution: {integrity: sha512-Iuws0kxo4yusk7sw70Xa2E2imZU5HoixzxfGCdxwBdhiDgt9vX9VUCBhqcwY7/uh//78A1hMkkROMJq9l27oLQ==}
    engines: {node: '>=18'}
    cpu: [ia32]
    os: [win32]

  '@esbuild/win32-x64@0.27.2':
    resolution: {integrity: sha512-sRdU18mcKf7F+YgheI/zGf5alZatMUTKj/jNS6l744f9u3WFu4v7twcUI9vu4mknF4Y9aDlblIie0IM+5xxaqQ==}
    engines: {node: '>=18'}
    cpu: [x64]
    os: [win32]

  '@libsql/client@0.14.0':
    resolution: {integrity: sha512-/9HEKfn6fwXB5aTEEoMeFh4CtG0ZzbncBb1e++OCdVpgKZ/xyMsIVYXm0w7Pv4RUel803vE6LwniB3PqD72R0Q==}

  '@libsql/core@0.14.0':
    resolution: {integrity: sha512-nhbuXf7GP3PSZgdCY2Ecj8vz187ptHlZQ0VRc751oB2C1W8jQUXKKklvt7t1LJiUTQBVJuadF628eUk+3cRi4Q==}

  '@libsql/darwin-arm64@0.4.7':
    resolution: {integrity: sha512-yOL742IfWUlUevnI5PdnIT4fryY3LYTdLm56bnY0wXBw7dhFcnjuA7jrH3oSVz2mjZTHujxoITgAE7V6Z+eAbg==}
    cpu: [arm64]
    os: [darwin]

  '@libsql/darwin-x64@0.4.7':
    resolution: {integrity: sha512-ezc7V75+eoyyH07BO9tIyJdqXXcRfZMbKcLCeF8+qWK5nP8wWuMcfOVywecsXGRbT99zc5eNra4NEx6z5PkSsA==}
    cpu: [x64]
    os: [darwin]

  '@libsql/hrana-client@0.7.0':
    resolution: {integrity: sha512-OF8fFQSkbL7vJY9rfuegK1R7sPgQ6kFMkDamiEccNUvieQ+3urzfDFI616oPl8V7T9zRmnTkSjMOImYCAVRVuw==}

  '@libsql/isomorphic-fetch@0.3.1':
    resolution: {integrity: sha512-6kK3SUK5Uu56zPq/Las620n5aS9xJq+jMBcNSOmjhNf/MUvdyji4vrMTqD7ptY7/4/CAVEAYDeotUz60LNQHtw==}
    engines: {node: '>=18.0.0'}

  '@libsql/isomorphic-ws@0.1.5':
    resolution: {integrity: sha512-DtLWIH29onUYR00i0GlQ3UdcTRC6EP4u9w/h9LxpUZJWRMARk6dQwZ6Jkd+QdwVpuAOrdxt18v0K2uIYR3fwFg==}

  '@libsql/linux-arm64-gnu@0.4.7':
    resolution: {integrity: sha512-WlX2VYB5diM4kFfNaYcyhw5y+UJAI3xcMkEUJZPtRDEIu85SsSFrQ+gvoKfcVh76B//ztSeEX2wl9yrjF7BBCA==}
    cpu: [arm64]
    os: [linux]

  '@libsql/linux-arm64-musl@0.4.7':
    resolution: {integrity: sha512-6kK9xAArVRlTCpWeqnNMCoXW1pe7WITI378n4NpvU5EJ0Ok3aNTIC2nRPRjhro90QcnmLL1jPcrVwO4WD1U0xw==}
    cpu: [arm64]
    os: [linux]

  '@libsql/linux-x64-gnu@0.4.7':
    resolution: {integrity: sha512-CMnNRCmlWQqqzlTw6NeaZXzLWI8bydaXDke63JTUCvu8R+fj/ENsLrVBtPDlxQ0wGsYdXGlrUCH8Qi9gJep0yQ==}
    cpu: [x64]
    os: [linux]

  '@libsql/linux-x64-musl@0.4.7':
    resolution: {integrity: sha512-nI6tpS1t6WzGAt1Kx1n1HsvtBbZ+jHn0m7ogNNT6pQHZQj7AFFTIMeDQw/i/Nt5H38np1GVRNsFe99eSIMs9XA==}
    cpu: [x64]
    os: [linux]

  '@libsql/win32-x64-msvc@0.4.7':
    resolution: {integrity: sha512-7pJzOWzPm6oJUxml+PCDRzYQ4A1hTMHAciTAHfFK4fkbDZX33nWPVG7Y3vqdKtslcwAzwmrNDc6sXy2nwWnbiw==}
    cpu: [x64]
    os: [win32]

  '@neon-rs/load@0.0.4':
    resolution: {integrity: sha512-kTPhdZyTQxB+2wpiRcFWrDcejc4JI6tkPuS7UZCG4l6Zvc5kU/gGQ/ozvHTh1XR5tS+UlfAfGuPajjzQjCiHCw==}

  '@opencode-ai/plugin@1.1.30':
    resolution: {integrity: sha512-xOHVSKMTbH6vjjgDSZUN1V53iC50wfRBkEfVBZmgs7LZtQx1/SzYNFoaQ84feakBO+wcfpoLVVqZHgFqCCsSVw==}

  '@opencode-ai/sdk@1.1.30':
    resolution: {integrity: sha512-toFtWVnc6PCTTYdGQB03W/PYNBZcKpF87il7LTlg8L65Vim7X9rbRk64mM03hf8lU+5Heo6OUhtJV+9VaHYwgA==}

  '@types/node@25.0.10':
    resolution: {integrity: sha512-zWW5KPngR/yvakJgGOmZ5vTBemDoSqF3AcV/LrO5u5wTWyEAVVh+IT39G4gtyAkh3CtTZs8aX/yRM82OfzHJRg==}

  '@types/ws@8.18.1':
    resolution: {integrity: sha512-ThVF6DCVhA8kUGy+aazFQ4kXQ7E1Ty7A3ypFOe0IcJV8O/M511G99AW24irKrW56Wt44yG9+ij8FaqoBGkuBXg==}

  data-uri-to-buffer@4.0.1:
    resolution: {integrity: sha512-0R9ikRb668HB7QDxT1vkpuUBtqc53YyAwMwGeUFKRojY/NWKvdZ+9UYtRfGmhqNbRkTSVpMbmyhXipFFv2cb/A==}
    engines: {node: '>= 12'}

  detect-libc@2.0.2:
    resolution: {integrity: sha512-UX6sGumvvqSaXgdKGUsgZWqcUyIXZ/vZTrlRT/iobiKhGL0zL4d3osHj3uqllWJK+i+sixDS/3COVEOFbupFyw==}
    engines: {node: '>=8'}

  esbuild@0.27.2:
    resolution: {integrity: sha512-HyNQImnsOC7X9PMNaCIeAm4ISCQXs5a5YasTXVliKv4uuBo1dKrG0A+uQS8M5eXjVMnLg3WgXaKvprHlFJQffw==}
    engines: {node: '>=18'}
    hasBin: true

  fetch-blob@3.2.0:
    resolution: {integrity: sha512-7yAQpD2UMJzLi1Dqv7qFYnPbaPx7ZfFK6PiIxQ4PfkGPyNyl2Ugx+a/umUonmKqjhM4DnfbMvdX6otXq83soQQ==}
    engines: {node: ^12.20 || >= 14.13}

  formdata-polyfill@4.0.10:
    resolution: {integrity: sha512-buewHzMvYL29jdeQTVILecSaZKnt/RJWjoZCF5OW60Z67/GmSLBkOFM7qh1PI3zFNtJbaZL5eQu1vLfazOwj4g==}
    engines: {node: '>=12.20.0'}

  js-base64@3.7.8:
    resolution: {integrity: sha512-hNngCeKxIUQiEUN3GPJOkz4wF/YvdUdbNL9hsBcMQTkKzboD7T/q3OYOuuPZLUE6dBxSGpwhk5mwuDud7JVAow==}

  libsql@0.4.7:
    resolution: {integrity: sha512-T9eIRCs6b0J1SHKYIvD8+KCJMcWZ900iZyxdnSCdqxN12Z1ijzT+jY5nrk72Jw4B0HGzms2NgpryArlJqvc3Lw==}
    cpu: [x64, arm64, wasm32]
    os: [darwin, linux, win32]

  node-domexception@1.0.0:
    resolution: {integrity: sha512-/jKZoMpw0F8GRwl4/eLROPA3cfcXtLApP0QzLmUT/HuPCZWyB7IY9ZrMeKw2O/nFIqPQB3PVM9aYm0F312AXDQ==}
    engines: {node: '>=10.5.0'}
    deprecated: Use your platform's native DOMException instead

  node-fetch@3.3.2:
    resolution: {integrity: sha512-dRB78srN/l6gqWulah9SrxeYnxeddIG30+GOqK/9OlLVyLg3HPnr6SqOWTWOXKRwC2eGYCkZ59NNuSgvSrpgOA==}
    engines: {node: ^12.20.0 || ^14.13.1 || >=16.0.0}

  promise-limit@2.7.0:
    resolution: {integrity: sha512-7nJ6v5lnJsXwGprnGXga4wx6d1POjvi5Qmf1ivTRxTjH4Z/9Czja/UCMLVmB9N93GeWOU93XaFaEt6jbuoagNw==}

  typescript@5.9.3:
    resolution: {integrity: sha512-jl1vZzPDinLr9eUt3J/t7V6FgNEw9QjvBPdysz9KfQDD41fQrC2Y4vKQdiaUpFT4bXlb1RHhLpp8wtm6M5TgSw==}
    engines: {node: '>=14.17'}
    hasBin: true

  undici-types@7.16.0:
    resolution: {integrity: sha512-Zz+aZWSj8LE6zoxD+xrjh4VfkIG8Ya6LvYkZqtUQGJPZjYl53ypCaUwWqo7eI0x66KBGeRo+mlBEkMSeSZ38Nw==}

  web-streams-polyfill@3.3.3:
    resolution: {integrity: sha512-d2JWLCivmZYTSIoge9MsgFCZrt571BikcWGYkjC1khllbTeDlGqZ2D8vD8E/lJa8WGWbb7Plm8/XJYV7IJHZZw==}
    engines: {node: '>= 8'}

  ws@8.19.0:
    resolution: {integrity: sha512-blAT2mjOEIi0ZzruJfIhb3nps74PRWTCz1IjglWEEpQl5XS/UNama6u2/rjFkDDouqr4L67ry+1aGIALViWjDg==}
    engines: {node: '>=10.0.0'}
    peerDependencies:
      bufferutil: ^4.0.1
      utf-8-validate: '>=5.0.2'
    peerDependenciesMeta:
      bufferutil:
        optional: true
      utf-8-validate:
        optional: true

  zod@4.1.8:
    resolution: {integrity: sha512-5R1P+WwQqmmMIEACyzSvo4JXHY5WiAFHRMg+zBZKgKS+Q1viRa0C1hmUKtHltoIFKtIdki3pRxkmpP74jnNYHQ==}

  zod@4.3.5:
    resolution: {integrity: sha512-k7Nwx6vuWx1IJ9Bjuf4Zt1PEllcwe7cls3VNzm4CQ1/hgtFUK2bRNG3rvnpPUhFjmqJKAKtjV576KnUkHocg/g==}

snapshots:

  '@biomejs/biome@2.3.11':
    optionalDependencies:
      '@biomejs/cli-darwin-arm64': 2.3.11
      '@biomejs/cli-darwin-x64': 2.3.11
      '@biomejs/cli-linux-arm64': 2.3.11
      '@biomejs/cli-linux-arm64-musl': 2.3.11
      '@biomejs/cli-linux-x64': 2.3.11
      '@biomejs/cli-linux-x64-musl': 2.3.11
      '@biomejs/cli-win32-arm64': 2.3.11
      '@biomejs/cli-win32-x64': 2.3.11

  '@biomejs/cli-darwin-arm64@2.3.11':
    optional: true

  '@biomejs/cli-darwin-x64@2.3.11':
    optional: true

  '@biomejs/cli-linux-arm64-musl@2.3.11':
    optional: true

  '@biomejs/cli-linux-arm64@2.3.11':
    optional: true

  '@biomejs/cli-linux-x64-musl@2.3.11':
    optional: true

  '@biomejs/cli-linux-x64@2.3.11':
    optional: true

  '@biomejs/cli-win32-arm64@2.3.11':
    optional: true

  '@biomejs/cli-win32-x64@2.3.11':
    optional: true

  '@esbuild/aix-ppc64@0.27.2':
    optional: true

  '@esbuild/android-arm64@0.27.2':
    optional: true

  '@esbuild/android-arm@0.27.2':
    optional: true

  '@esbuild/android-x64@0.27.2':
    optional: true

  '@esbuild/darwin-arm64@0.27.2':
    optional: true

  '@esbuild/darwin-x64@0.27.2':
    optional: true

  '@esbuild/freebsd-arm64@0.27.2':
    optional: true

  '@esbuild/freebsd-x64@0.27.2':
    optional: true

  '@esbuild/linux-arm64@0.27.2':
    optional: true

  '@esbuild/linux-arm@0.27.2':
    optional: true

  '@esbuild/linux-ia32@0.27.2':
    optional: true

  '@esbuild/linux-loong64@0.27.2':
    optional: true

  '@esbuild/linux-mips64el@0.27.2':
    optional: true

  '@esbuild/linux-ppc64@0.27.2':
    optional: true

  '@esbuild/linux-riscv64@0.27.2':
    optional: true

  '@esbuild/linux-s390x@0.27.2':
    optional: true

  '@esbuild/linux-x64@0.27.2':
    optional: true

  '@esbuild/netbsd-arm64@0.27.2':
    optional: true

  '@esbuild/netbsd-x64@0.27.2':
    optional: true

  '@esbuild/openbsd-arm64@0.27.2':
    optional: true

  '@esbuild/openbsd-x64@0.27.2':
    optional: true

  '@esbuild/openharmony-arm64@0.27.2':
    optional: true

  '@esbuild/sunos-x64@0.27.2':
    optional: true

  '@esbuild/win32-arm64@0.27.2':
    optional: true

  '@esbuild/win32-ia32@0.27.2':
    optional: true

  '@esbuild/win32-x64@0.27.2':
    optional: true

  '@libsql/client@0.14.0':
    dependencies:
      '@libsql/core': 0.14.0
      '@libsql/hrana-client': 0.7.0
      js-base64: 3.7.8
      libsql: 0.4.7
      promise-limit: 2.7.0
    transitivePeerDependencies:
      - bufferutil
      - utf-8-validate

  '@libsql/core@0.14.0':
    dependencies:
      js-base64: 3.7.8

  '@libsql/darwin-arm64@0.4.7':
    optional: true

  '@libsql/darwin-x64@0.4.7':
    optional: true

  '@libsql/hrana-client@0.7.0':
    dependencies:
      '@libsql/isomorphic-fetch': 0.3.1
      '@libsql/isomorphic-ws': 0.1.5
      js-base64: 3.7.8
      node-fetch: 3.3.2
    transitivePeerDependencies:
      - bufferutil
      - utf-8-validate

  '@libsql/isomorphic-fetch@0.3.1': {}

  '@libsql/isomorphic-ws@0.1.5':
    dependencies:
      '@types/ws': 8.18.1
      ws: 8.19.0
    transitivePeerDependencies:
      - bufferutil
      - utf-8-validate

  '@libsql/linux-arm64-gnu@0.4.7':
    optional: true

  '@libsql/linux-arm64-musl@0.4.7':
    optional: true

  '@libsql/linux-x64-gnu@0.4.7':
    optional: true

  '@libsql/linux-x64-musl@0.4.7':
    optional: true

  '@libsql/win32-x64-msvc@0.4.7':
    optional: true

  '@neon-rs/load@0.0.4': {}

  '@opencode-ai/plugin@1.1.30':
    dependencies:
      '@opencode-ai/sdk': 1.1.30
      zod: 4.1.8

  '@opencode-ai/sdk@1.1.30': {}

  '@types/node@25.0.10':
    dependencies:
      undici-types: 7.16.0

  '@types/ws@8.18.1':
    dependencies:
      '@types/node': 25.0.10

  data-uri-to-buffer@4.0.1: {}

  detect-libc@2.0.2: {}

  esbuild@0.27.2:
    optionalDependencies:
      '@esbuild/aix-ppc64': 0.27.2
      '@esbuild/android-arm': 0.27.2
      '@esbuild/android-arm64': 0.27.2
      '@esbuild/android-x64': 0.27.2
      '@esbuild/darwin-arm64': 0.27.2
      '@esbuild/darwin-x64': 0.27.2
      '@esbuild/freebsd-arm64': 0.27.2
      '@esbuild/freebsd-x64': 0.27.2
      '@esbuild/linux-arm': 0.27.2
      '@esbuild/linux-arm64': 0.27.2
      '@esbuild/linux-ia32': 0.27.2
      '@esbuild/linux-loong64': 0.27.2
      '@esbuild/linux-mips64el': 0.27.2
      '@esbuild/linux-ppc64': 0.27.2
      '@esbuild/linux-riscv64': 0.27.2
      '@esbuild/linux-s390x': 0.27.2
      '@esbuild/linux-x64': 0.27.2
      '@esbuild/netbsd-arm64': 0.27.2
      '@esbuild/netbsd-x64': 0.27.2
      '@esbuild/openbsd-arm64': 0.27.2
      '@esbuild/openbsd-x64': 0.27.2
      '@esbuild/openharmony-arm64': 0.27.2
      '@esbuild/sunos-x64': 0.27.2
      '@esbuild/win32-arm64': 0.27.2
      '@esbuild/win32-ia32': 0.27.2
      '@esbuild/win32-x64': 0.27.2

  fetch-blob@3.2.0:
    dependencies:
      node-domexception: 1.0.0
      web-streams-polyfill: 3.3.3

  formdata-polyfill@4.0.10:
    dependencies:
      fetch-blob: 3.2.0

  js-base64@3.7.8: {}

  libsql@0.4.7:
    dependencies:
      '@neon-rs/load': 0.0.4
      detect-libc: 2.0.2
    optionalDependencies:
      '@libsql/darwin-arm64': 0.4.7
      '@libsql/darwin-x64': 0.4.7
      '@libsql/linux-arm64-gnu': 0.4.7
      '@libsql/linux-arm64-musl': 0.4.7
      '@libsql/linux-x64-gnu': 0.4.7
      '@libsql/linux-x64-musl': 0.4.7
      '@libsql/win32-x64-msvc': 0.4.7

  node-domexception@1.0.0: {}

  node-fetch@3.3.2:
    dependencies:
      data-uri-to-buffer: 4.0.1
      fetch-blob: 3.2.0
      formdata-polyfill: 4.0.10

  promise-limit@2.7.0: {}

  typescript@5.9.3: {}

  undici-types@7.16.0: {}

  web-streams-polyfill@3.3.3: {}

  ws@8.19.0: {}

  zod@4.1.8: {}

  zod@4.3.5: {}
